
Microsoft Visual Studio Solution File, Format Version 12.00
# Visual Studio Version 17
VisualStudioVersion = 17.11.35312.102
MinimumVisualStudioVersion = 10.0.40219.1
Project("{FAE04EC0-301F-11D3-BF4B-00C04F79EFBC}") = "Tetris2", "Tetris2.csproj", "{60C54EAA-C54B-4C9D-991D-268C77F34ACA}"
EndProject
Global
	GlobalSection(SolutionConfigurationPlatforms) = preSolution
		Debug|Any CPU = Debug|Any CPU
		Release|Any CPU = Release|Any CPU
	EndGlobalSection
	GlobalSection(ProjectConfigurationPlatforms) = postSolution
		{60C54EAA-C54B-4C9D-991D-268C77F34ACA}.Debug|Any CPU.ActiveCfg = Debug|Any CPU
		{60C54EAA-C54B-4C9D-991D-268C77F34ACA}.Debug|Any CPU.Build.0 = Debug|Any CPU
		{60C54EAA-C54B-4C9D-991D-268C77F34ACA}.Release|Any CPU.ActiveCfg = Release|Any CPU
		{60C54EAA-C54B-4C9D-991D-268C77F34ACA}.Release|Any CPU.Build.0 = Release|Any CPU
	EndGlobalSection
	GlobalSection(SolutionProperties) = preSolution
		HideSolutionNode = FALSE
	EndGlobalSection
	GlobalSection(ExtensibilityGlobals) = postSolution
		SolutionGuid = {2FCD769F-D853-4680-B860-AC15DC1B78EF}
	EndGlobalSection
EndGlobal
